# THIS IS AN AUTOGENERATED FILE. DO NOT EDIT THIS FILE DIRECTLY.
# yarn lockfile v1


"@tonclient/core@^1.5.3":
  version "1.5.3"
  resolved "https://registry.yarnpkg.com/@tonclient/core/-/core-1.5.3.tgz#0ab5fe22f494f8a391456166eb12ef94e2e82539"
  integrity sha512-uBEsJuw/bg9vpKrJ8a0gVIqY3gEOZsWWOCqMA1q3A3gx1G2du2jjsQDM6lmzkAjALha9suWJZJI2wrmPWTFxKw==

"@tonclient/lib-node@^1.5.3":
  version "1.5.3"
  resolved "https://registry.yarnpkg.com/@tonclient/lib-node/-/lib-node-1.5.3.tgz#5bbdd0bc37d8f65fd8ddf24b48b7a996a5d176d7"
  integrity sha512-BSilUh+7JJ516IaD+1FjHBRCra+MiQ5MoNguJ/fl/fOjYgsIDn5X0s0KgQbBfoEOydAeI/HJYo09gbVRQx2o6Q==
